{
  "version": 4,
  "terraform_version": "1.14.6",
  "serial": 1,
  "lineage": "e18cf9f2-b7c8-cc19-d796-16d23ff214ef",
  "outputs": {
    "app_url": {
      "value": "http://localhost:5000",
      "type": "string"
    }
  },
  "resources": [
    {
      "mode": "managed",
      "type": "local_file",
      "name": "deployment_log",
      "provider": "provider[\"registry.terraform.io/hashicorp/local\"]",
      "instances": [
        {
          "schema_version": 0,
          "attributes": {
            "content": "Infrastructure Provisioned at 2026-05-12T15:02:20Z\nEnvironment: Development\nTarget: Docker-Engine",
            "content_base64": null,
            "content_base64sha256": "8ouNgqGJy41D2T6ls3b0IiK+zztuwP/4Uy3V+aKj8iI=",
            "content_base64sha512": "xtH2Uokvzk1dTDbCsEeKUZs14938qxWJ9QWNuPb7ykm4AD0LxrmoQH7rxS3dVWm1CEG4XBlkvmxwjDKHb8btAw==",
            "content_md5": "4b36e89c3dafa3e070a79e94e3858c2c",
            "content_sha1": "360a8e3f67de9f63a7e92fa7a03813b015dee1a2",
            "content_sha256": "f28b8d82a189cb8d43d93ea5b376f42222becf3b6ec0fff8532dd5f9a2a3f222",
            "content_sha512": "c6d1f652892fce4d5d4c36c2b0478a519b35e3ddfcab1589f5058db8f6fbca49b8003d0bc6b9a8407eebc52ddd5569b50841b85c1964be6c708c32876fc6ed03",
            "directory_permission": "0777",
            "file_permission": "0777",
            "filename": "./infrastructure_state.log",
            "id": "360a8e3f67de9f63a7e92fa7a03813b015dee1a2",
            "sensitive_content": null,
            "source": null
          },
          "sensitive_attributes": [
            [
              {
                "type": "get_attr",
                "value": "sensitive_content"
              }
            ]
          ],
          "identity_schema_version": 0
        }
      ]
    },
    {
      "mode": "managed",
      "type": "null_resource",
      "name": "network_sim",
      "provider": "provider[\"registry.terraform.io/hashicorp/null\"]",
      "instances": [
        {
          "schema_version": 0,
          "attributes": {
            "id": "144085929",
            "triggers": null
          },
          "sensitive_attributes": [],
          "identity_schema_version": 0
        }
      ]
    }
  ],
  "check_results": null
}
